{
    "name": "@lesnoypudge/formatter-config",
    "version": "8.0.0",
    "lockfileVersion": 3,
    "requires": true,
    "packages": {
        "": {
            "name": "@lesnoypudge/formatter-config",
            "version": "8.0.0",
            "license": "ISC",
            "dependencies": {
                "prettier": "^3.4.1"
            },
            "bin": {
                "formatter-config": "build/index.js"
            },
            "devDependencies": {
                "@lesnoypudge/builder": "^4.0.1",
                "@lesnoypudge/types-global-base": "^4.0.0",
                "@lesnoypudge/types-global-node": "^1.0.0"
            }
        },
        "node_modules/@lesnoypudge/builder": {
            "version": "4.0.1",
            "resolved": "https://registry.npmjs.org/@lesnoypudge/builder/-/builder-4.0.1.tgz",
            "integrity": "sha512-28tm7SDVF7ETWyZzatYNKcdND703w0QRjw7eZ+Et01BvlYvU6IL8CmW/ICWOoE/a7afeEq0UbJcz7Dv+d9aYIQ==",
            "dev": true,
            "license": "ISC",
            "dependencies": {
                "@lesnoypudge/types-utils-base": "^3.4.1",
                "@lesnoypudge/utils": "^16.1.0",
                "typescript": "^5.6.3",
                "yargs": "^17.7.2"
            },
            "bin": {
                "builder": "build/cli.js"
            }
        },
        "node_modules/@lesnoypudge/types-global-base": {
            "version": "4.0.0",
            "resolved": "https://registry.npmjs.org/@lesnoypudge/types-global-base/-/types-global-base-4.0.0.tgz",
            "integrity": "sha512-NMc0qgFl2IcY1yyWSqRBOtNiVD9t93Sf5xNnlar/oI5O1QWsejrEF94BLS8Fx34krtZMxjsmf5tbzajhyu2rUA==",
            "dev": true,
            "license": "ISC",
            "dependencies": {
                "@total-typescript/ts-reset": "^0.6.1",
                "types-spring": "^2.2.2",
                "typescript": "^5.6.3"
            }
        },
        "node_modules/@lesnoypudge/types-global-node": {
            "version": "1.0.0",
            "resolved": "https://registry.npmjs.org/@lesnoypudge/types-global-node/-/types-global-node-1.0.0.tgz",
            "integrity": "sha512-jJZfc2WDLr0GKzJtbOs7LpVwd6f9+Sh2I5C+UXm4E9QPKFdCcpALmKd7zjhCxaHGXxfwiFZZxsAG/5QBOzET9A==",
            "dev": true,
            "license": "ISC",
            "dependencies": {
                "@lesnoypudge/types-global-base": "^4.0.0",
                "@types/node": "^22.9.0",
                "typescript": "^5.6.3"
            }
        },
        "node_modules/@lesnoypudge/types-utils-base": {
            "version": "3.4.1",
            "resolved": "https://registry.npmjs.org/@lesnoypudge/types-utils-base/-/types-utils-base-3.4.1.tgz",
            "integrity": "sha512-RGs3Jh3d1JUznTw8yPyoIa1v7s/HHMRws+hsuCF8tyWoS4mkKvB+XY4120bFN/SUs0UD/bnc+NZbyJYUMwPvJg==",
            "dev": true,
            "license": "ISC",
            "dependencies": {
                "type-fest": "^4.26.1",
                "typescript": "^5.6.3"
            }
        },
        "node_modules/@lesnoypudge/utils": {
            "version": "16.2.0",
            "resolved": "https://registry.npmjs.org/@lesnoypudge/utils/-/utils-16.2.0.tgz",
            "integrity": "sha512-klyMJBgAFK27oqlabtdAtT39bkn6QqwOt+GI8WSU0AS84K5VpXlC1FHE3EVXGaum30lr4328bnx9+PwirR/d4A==",
            "dev": true,
            "license": "ISC",
            "dependencies": {
                "@lesnoypudge/types-global-base": "^4.0.0",
                "@lesnoypudge/types-utils-base": "^3.4.1",
                "@types/is-callable": "^1.1.2",
                "auto-bind": "^5.0.1",
                "defaults": "^3.0.0",
                "is-callable": "^1.2.7",
                "memoize-one": "^6.0.0",
                "react-fast-compare": "^3.2.2",
                "shallow-equal": "^3.1.0",
                "tiny-invariant": "^1.3.3",
                "ts-functional-pipe": "^3.1.2"
            }
        },
        "node_modules/@total-typescript/ts-reset": {
            "version": "0.6.1",
            "resolved": "https://registry.npmjs.org/@total-typescript/ts-reset/-/ts-reset-0.6.1.tgz",
            "integrity": "sha512-cka47fVSo6lfQDIATYqb/vO1nvFfbPw7uWLayIXIhGETj0wcOOlrlkobOMDNQOFr9QOafegUPq13V2+6vtD7yg==",
            "dev": true,
            "license": "MIT"
        },
        "node_modules/@types/is-callable": {
            "version": "1.1.2",
            "resolved": "https://registry.npmjs.org/@types/is-callable/-/is-callable-1.1.2.tgz",
            "integrity": "sha512-8gmJZFpJFWJFDXJRXqlsh/EenGorN4TrmiIBZ86PYxDlwA8t5iA8Ug/zknAHm+YNrmHmh3Bpiambkqmdx3UzAw==",
            "dev": true,
            "license": "MIT"
        },
        "node_modules/@types/node": {
            "version": "22.9.0",
            "resolved": "https://registry.npmjs.org/@types/node/-/node-22.9.0.tgz",
            "integrity": "sha512-vuyHg81vvWA1Z1ELfvLko2c8f34gyA0zaic0+Rllc5lbCnbSyuvb2Oxpm6TAUAC/2xZN3QGqxBNggD1nNR2AfQ==",
            "dev": true,
            "license": "MIT",
            "dependencies": {
                "undici-types": "~6.19.8"
            }
        },
        "node_modules/ansi-regex": {
            "version": "5.0.1",
            "resolved": "https://registry.npmjs.org/ansi-regex/-/ansi-regex-5.0.1.tgz",
            "integrity": "sha512-quJQXlTSUGL2LH9SUXo8VwsY4soanhgo6LNSm84E1LBcE8s3O0wpdiRzyR9z/ZZJMlMWv37qOOb9pdJlMUEKFQ==",
            "dev": true,
            "license": "MIT",
            "engines": {
                "node": ">=8"
            }
        },
        "node_modules/ansi-styles": {
            "version": "4.3.0",
            "resolved": "https://registry.npmjs.org/ansi-styles/-/ansi-styles-4.3.0.tgz",
            "integrity": "sha512-zbB9rCJAT1rbjiVDb2hqKFHNYLxgtk8NURxZ3IZwD3F6NtxbXZQCnnSi1Lkx+IDohdPlFp222wVALIheZJQSEg==",
            "dev": true,
            "license": "MIT",
            "dependencies": {
                "color-convert": "^2.0.1"
            },
            "engines": {
                "node": ">=8"
            },
            "funding": {
                "url": "https://github.com/chalk/ansi-styles?sponsor=1"
            }
        },
        "node_modules/auto-bind": {
            "version": "5.0.1",
            "resolved": "https://registry.npmjs.org/auto-bind/-/auto-bind-5.0.1.tgz",
            "integrity": "sha512-ooviqdwwgfIfNmDwo94wlshcdzfO64XV0Cg6oDsDYBJfITDz1EngD2z7DkbvCWn+XIMsIqW27sEVF6qcpJrRcg==",
            "dev": true,
            "license": "MIT",
            "engines": {
                "node": "^12.20.0 || ^14.13.1 || >=16.0.0"
            },
            "funding": {
                "url": "https://github.com/sponsors/sindresorhus"
            }
        },
        "node_modules/cliui": {
            "version": "8.0.1",
            "resolved": "https://registry.npmjs.org/cliui/-/cliui-8.0.1.tgz",
            "integrity": "sha512-BSeNnyus75C4//NQ9gQt1/csTXyo/8Sb+afLAkzAptFuMsod9HFokGNudZpi/oQV73hnVK+sR+5PVRMd+Dr7YQ==",
            "dev": true,
            "license": "ISC",
            "dependencies": {
                "string-width": "^4.2.0",
                "strip-ansi": "^6.0.1",
                "wrap-ansi": "^7.0.0"
            },
            "engines": {
                "node": ">=12"
            }
        },
        "node_modules/color-convert": {
            "version": "2.0.1",
            "resolved": "https://registry.npmjs.org/color-convert/-/color-convert-2.0.1.tgz",
            "integrity": "sha512-RRECPsj7iu/xb5oKYcsFHSppFNnsj/52OVTRKb4zP5onXwVF3zVmmToNcOfGC+CRDpfK/U584fMg38ZHCaElKQ==",
            "dev": true,
            "license": "MIT",
            "dependencies": {
                "color-name": "~1.1.4"
            },
            "engines": {
                "node": ">=7.0.0"
            }
        },
        "node_modules/color-name": {
            "version": "1.1.4",
            "resolved": "https://registry.npmjs.org/color-name/-/color-name-1.1.4.tgz",
            "integrity": "sha512-dOy+3AuW3a2wNbZHIuMZpTcgjGuLU/uBL/ubcZF9OXbDo8ff4O8yVp5Bf0efS8uEoYo5q4Fx7dY9OgQGXgAsQA==",
            "dev": true,
            "license": "MIT"
        },
        "node_modules/defaults": {
            "version": "3.0.0",
            "resolved": "https://registry.npmjs.org/defaults/-/defaults-3.0.0.tgz",
            "integrity": "sha512-RsqXDEAALjfRTro+IFNKpcPCt0/Cy2FqHSIlnomiJp9YGadpQnrtbRpSgN2+np21qHcIKiva4fiOQGjS9/qR/A==",
            "dev": true,
            "license": "MIT",
            "engines": {
                "node": ">=18"
            },
            "funding": {
                "url": "https://github.com/sponsors/sindresorhus"
            }
        },
        "node_modules/emoji-regex": {
            "version": "8.0.0",
            "resolved": "https://registry.npmjs.org/emoji-regex/-/emoji-regex-8.0.0.tgz",
            "integrity": "sha512-MSjYzcWNOA0ewAHpz0MxpYFvwg6yjy1NG3xteoqz644VCo/RPgnr1/GGt+ic3iJTzQ8Eu3TdM14SawnVUmGE6A==",
            "dev": true,
            "license": "MIT"
        },
        "node_modules/escalade": {
            "version": "3.2.0",
            "resolved": "https://registry.npmjs.org/escalade/-/escalade-3.2.0.tgz",
            "integrity": "sha512-WUj2qlxaQtO4g6Pq5c29GTcWGDyd8itL8zTlipgECz3JesAiiOKotd8JU6otB3PACgG6xkJUyVhboMS+bje/jA==",
            "dev": true,
            "license": "MIT",
            "engines": {
                "node": ">=6"
            }
        },
        "node_modules/get-caller-file": {
            "version": "2.0.5",
            "resolved": "https://registry.npmjs.org/get-caller-file/-/get-caller-file-2.0.5.tgz",
            "integrity": "sha512-DyFP3BM/3YHTQOCUL/w0OZHR0lpKeGrxotcHWcqNEdnltqFwXVfhEBQ94eIo34AfQpo0rGki4cyIiftY06h2Fg==",
            "dev": true,
            "license": "ISC",
            "engines": {
                "node": "6.* || 8.* || >= 10.*"
            }
        },
        "node_modules/is-callable": {
            "version": "1.2.7",
            "resolved": "https://registry.npmjs.org/is-callable/-/is-callable-1.2.7.tgz",
            "integrity": "sha512-1BC0BVFhS/p0qtw6enp8e+8OD0UrK0oFLztSjNzhcKA3WDuJxxAPXzPuPtKkjEY9UUoEWlX/8fgKeu2S8i9JTA==",
            "dev": true,
            "license": "MIT",
            "engines": {
                "node": ">= 0.4"
            },
            "funding": {
                "url": "https://github.com/sponsors/ljharb"
            }
        },
        "node_modules/is-fullwidth-code-point": {
            "version": "3.0.0",
            "resolved": "https://registry.npmjs.org/is-fullwidth-code-point/-/is-fullwidth-code-point-3.0.0.tgz",
            "integrity": "sha512-zymm5+u+sCsSWyD9qNaejV3DFvhCKclKdizYaJUuHA83RLjb7nSuGnddCHGv0hk+KY7BMAlsWeK4Ueg6EV6XQg==",
            "dev": true,
            "license": "MIT",
            "engines": {
                "node": ">=8"
            }
        },
        "node_modules/memoize-one": {
            "version": "6.0.0",
            "resolved": "https://registry.npmjs.org/memoize-one/-/memoize-one-6.0.0.tgz",
            "integrity": "sha512-rkpe71W0N0c0Xz6QD0eJETuWAJGnJ9afsl1srmwPrI+yBCkge5EycXXbYRyvL29zZVUWQCY7InPRCv3GDXuZNw==",
            "dev": true,
            "license": "MIT"
        },
        "node_modules/prettier": {
            "version": "3.4.1",
            "resolved": "https://registry.npmjs.org/prettier/-/prettier-3.4.1.tgz",
            "integrity": "sha512-G+YdqtITVZmOJje6QkXQWzl3fSfMxFwm1tjTyo9exhkmWSqC4Yhd1+lug++IlR2mvRVAxEDDWYkQdeSztajqgg==",
            "license": "MIT",
            "bin": {
                "prettier": "bin/prettier.cjs"
            },
            "engines": {
                "node": ">=14"
            },
            "funding": {
                "url": "https://github.com/prettier/prettier?sponsor=1"
            }
        },
        "node_modules/react-fast-compare": {
            "version": "3.2.2",
            "resolved": "https://registry.npmjs.org/react-fast-compare/-/react-fast-compare-3.2.2.tgz",
            "integrity": "sha512-nsO+KSNgo1SbJqJEYRE9ERzo7YtYbou/OqjSQKxV7jcKox7+usiUVZOAC+XnDOABXggQTno0Y1CpVnuWEc1boQ==",
            "dev": true,
            "license": "MIT"
        },
        "node_modules/require-directory": {
            "version": "2.1.1",
            "resolved": "https://registry.npmjs.org/require-directory/-/require-directory-2.1.1.tgz",
            "integrity": "sha512-fGxEI7+wsG9xrvdjsrlmL22OMTTiHRwAMroiEeMgq8gzoLC/PQr7RsRDSTLUg/bZAZtF+TVIkHc6/4RIKrui+Q==",
            "dev": true,
            "license": "MIT",
            "engines": {
                "node": ">=0.10.0"
            }
        },
        "node_modules/shallow-equal": {
            "version": "3.1.0",
            "resolved": "https://registry.npmjs.org/shallow-equal/-/shallow-equal-3.1.0.tgz",
            "integrity": "sha512-pfVOw8QZIXpMbhBWvzBISicvToTiM5WBF1EeAUZDDSb5Dt29yl4AYbyywbJFSEsRUMr7gJaxqCdr4L3tQf9wVg==",
            "dev": true,
            "license": "MIT"
        },
        "node_modules/string-width": {
            "version": "4.2.3",
            "resolved": "https://registry.npmjs.org/string-width/-/string-width-4.2.3.tgz",
            "integrity": "sha512-wKyQRQpjJ0sIp62ErSZdGsjMJWsap5oRNihHhu6G7JVO/9jIB6UyevL+tXuOqrng8j/cxKTWyWUwvSTriiZz/g==",
            "dev": true,
            "license": "MIT",
            "dependencies": {
                "emoji-regex": "^8.0.0",
                "is-fullwidth-code-point": "^3.0.0",
                "strip-ansi": "^6.0.1"
            },
            "engines": {
                "node": ">=8"
            }
        },
        "node_modules/strip-ansi": {
            "version": "6.0.1",
            "resolved": "https://registry.npmjs.org/strip-ansi/-/strip-ansi-6.0.1.tgz",
            "integrity": "sha512-Y38VPSHcqkFrCpFnQ9vuSXmquuv5oXOKpGeT6aGrr3o3Gc9AlVa6JBfUSOCnbxGGZF+/0ooI7KrPuUSztUdU5A==",
            "dev": true,
            "license": "MIT",
            "dependencies": {
                "ansi-regex": "^5.0.1"
            },
            "engines": {
                "node": ">=8"
            }
        },
        "node_modules/tiny-invariant": {
            "version": "1.3.3",
            "resolved": "https://registry.npmjs.org/tiny-invariant/-/tiny-invariant-1.3.3.tgz",
            "integrity": "sha512-+FbBPE1o9QAYvviau/qC5SE3caw21q3xkvWKBtja5vgqOWIHHJ3ioaq1VPfn/Szqctz2bU/oYeKd9/z5BL+PVg==",
            "dev": true,
            "license": "MIT"
        },
        "node_modules/ts-functional-pipe": {
            "version": "3.1.2",
            "resolved": "https://registry.npmjs.org/ts-functional-pipe/-/ts-functional-pipe-3.1.2.tgz",
            "integrity": "sha512-3Zmj39yTFtzrwrLn5ifQKHmUQQ6uh7+NUVUZ2hsBgeF2JzwkmlVErbxoktNA20E4lmbEJK8NEoEZOrETLRiWzw==",
            "dev": true,
            "license": "MIT",
            "dependencies": {
                "tslib": "^2.3.0"
            },
            "engines": {
                "node": ">=6.0.0"
            }
        },
        "node_modules/tslib": {
            "version": "2.8.1",
            "resolved": "https://registry.npmjs.org/tslib/-/tslib-2.8.1.tgz",
            "integrity": "sha512-oJFu94HQb+KVduSUQL7wnpmqnfmLsOA/nAh6b6EH0wCEoK0/mPeXU6c3wKDV83MkOuHPRHtSXKKU99IBazS/2w==",
            "dev": true,
            "license": "0BSD"
        },
        "node_modules/type-fest": {
            "version": "4.29.0",
            "resolved": "https://registry.npmjs.org/type-fest/-/type-fest-4.29.0.tgz",
            "integrity": "sha512-RPYt6dKyemXJe7I6oNstcH24myUGSReicxcHTvCLgzm4e0n8y05dGvcGB15/SoPRBmhlMthWQ9pvKyL81ko8nQ==",
            "dev": true,
            "license": "(MIT OR CC0-1.0)",
            "engines": {
                "node": ">=16"
            },
            "funding": {
                "url": "https://github.com/sponsors/sindresorhus"
            }
        },
        "node_modules/types-spring": {
            "version": "2.2.2",
            "resolved": "https://registry.npmjs.org/types-spring/-/types-spring-2.2.2.tgz",
            "integrity": "sha512-0VvKot2uYJywHCchKwIcZXVHACvyUgCGWzJUf+z/fLv2n3VQ1q45GvhimT6i55kjPm9WZ4ciDDtB69UCp95uQg==",
            "dev": true,
            "license": "MIT",
            "peerDependencies": {
                "typescript": "^4.7.4 || ^5.0.4"
            }
        },
        "node_modules/typescript": {
            "version": "5.6.3",
            "resolved": "https://registry.npmjs.org/typescript/-/typescript-5.6.3.tgz",
            "integrity": "sha512-hjcS1mhfuyi4WW8IWtjP7brDrG2cuDZukyrYrSauoXGNgx0S7zceP07adYkJycEr56BOUTNPzbInooiN3fn1qw==",
            "dev": true,
            "license": "Apache-2.0",
            "bin": {
                "tsc": "bin/tsc",
                "tsserver": "bin/tsserver"
            },
            "engines": {
                "node": ">=14.17"
            }
        },
        "node_modules/undici-types": {
            "version": "6.19.8",
            "resolved": "https://registry.npmjs.org/undici-types/-/undici-types-6.19.8.tgz",
            "integrity": "sha512-ve2KP6f/JnbPBFyobGHuerC9g1FYGn/F8n1LWTwNxCEzd6IfqTwUQcNXgEtmmQ6DlRrC1hrSrBnCZPokRrDHjw==",
            "dev": true,
            "license": "MIT"
        },
        "node_modules/wrap-ansi": {
            "version": "7.0.0",
            "resolved": "https://registry.npmjs.org/wrap-ansi/-/wrap-ansi-7.0.0.tgz",
            "integrity": "sha512-YVGIj2kamLSTxw6NsZjoBxfSwsn0ycdesmc4p+Q21c5zPuZ1pl+NfxVdxPtdHvmNVOQ6XSYG4AUtyt/Fi7D16Q==",
            "dev": true,
            "license": "MIT",
            "dependencies": {
                "ansi-styles": "^4.0.0",
                "string-width": "^4.1.0",
                "strip-ansi": "^6.0.0"
            },
            "engines": {
                "node": ">=10"
            },
            "funding": {
                "url": "https://github.com/chalk/wrap-ansi?sponsor=1"
            }
        },
        "node_modules/y18n": {
            "version": "5.0.8",
            "resolved": "https://registry.npmjs.org/y18n/-/y18n-5.0.8.tgz",
            "integrity": "sha512-0pfFzegeDWJHJIAmTLRP2DwHjdF5s7jo9tuztdQxAhINCdvS+3nGINqPd00AphqJR/0LhANUS6/+7SCb98YOfA==",
            "dev": true,
            "license": "ISC",
            "engines": {
                "node": ">=10"
            }
        },
        "node_modules/yargs": {
            "version": "17.7.2",
            "resolved": "https://registry.npmjs.org/yargs/-/yargs-17.7.2.tgz",
            "integrity": "sha512-7dSzzRQ++CKnNI/krKnYRV7JKKPUXMEh61soaHKg9mrWEhzFWhFnxPxGl+69cD1Ou63C13NUPCnmIcrvqCuM6w==",
            "dev": true,
            "license": "MIT",
            "dependencies": {
                "cliui": "^8.0.1",
                "escalade": "^3.1.1",
                "get-caller-file": "^2.0.5",
                "require-directory": "^2.1.1",
                "string-width": "^4.2.3",
                "y18n": "^5.0.5",
                "yargs-parser": "^21.1.1"
            },
            "engines": {
                "node": ">=12"
            }
        },
        "node_modules/yargs-parser": {
            "version": "21.1.1",
            "resolved": "https://registry.npmjs.org/yargs-parser/-/yargs-parser-21.1.1.tgz",
            "integrity": "sha512-tVpsJW7DdjecAiFpbIB1e3qxIQsE6NoPc5/eTdrbbIC4h0LVsWhnoa3g+m2HclBIujHzsxZ4VJVA+GUuc2/LBw==",
            "dev": true,
            "license": "ISC",
            "engines": {
                "node": ">=12"
            }
        }
    }
}
