{
    "name": "@lesnoypudge/formatter-config",
    "version": "2.0.0",
    "lockfileVersion": 3,
    "requires": true,
    "packages": {
        "": {
            "name": "@lesnoypudge/formatter-config",
            "version": "2.0.0",
            "license": "ISC",
            "dependencies": {
                "@lesnoypudge/utils": "^6.1.1"
            },
            "bin": {
                "formatter-config": "generateFormatterConfig.js"
            },
            "devDependencies": {
                "@types/node": "^20.12.12"
            }
        },
        "node_modules/@lesnoypudge/utils": {
            "version": "6.1.1",
            "resolved": "https://registry.npmjs.org/@lesnoypudge/utils/-/utils-6.1.1.tgz",
            "integrity": "sha512-7dFUiTibp/w6eF76SOr+TGr6lpi8y5S1lMVlo+kECBtCkqqbvCdUpD4W/GHl+eQZXjdzT1VsbL/r/5OiP8XnIQ==",
            "dependencies": {
                "auto-bind": "^5.0.1",
                "defaults": "^3.0.0",
                "ts-essentials": "^10.0.0"
            }
        },
        "node_modules/@types/node": {
            "version": "20.12.12",
            "resolved": "https://registry.npmjs.org/@types/node/-/node-20.12.12.tgz",
            "integrity": "sha512-eWLDGF/FOSPtAvEqeRAQ4C8LSA7M1I7i0ky1I8U7kD1J5ITyW3AsRhQrKVoWf5pFKZ2kILsEGJhsI9r93PYnOw==",
            "dev": true,
            "dependencies": {
                "undici-types": "~5.26.4"
            }
        },
        "node_modules/auto-bind": {
            "version": "5.0.1",
            "resolved": "https://registry.npmjs.org/auto-bind/-/auto-bind-5.0.1.tgz",
            "integrity": "sha512-ooviqdwwgfIfNmDwo94wlshcdzfO64XV0Cg6oDsDYBJfITDz1EngD2z7DkbvCWn+XIMsIqW27sEVF6qcpJrRcg==",
            "engines": {
                "node": "^12.20.0 || ^14.13.1 || >=16.0.0"
            },
            "funding": {
                "url": "https://github.com/sponsors/sindresorhus"
            }
        },
        "node_modules/defaults": {
            "version": "3.0.0",
            "resolved": "https://registry.npmjs.org/defaults/-/defaults-3.0.0.tgz",
            "integrity": "sha512-RsqXDEAALjfRTro+IFNKpcPCt0/Cy2FqHSIlnomiJp9YGadpQnrtbRpSgN2+np21qHcIKiva4fiOQGjS9/qR/A==",
            "engines": {
                "node": ">=18"
            },
            "funding": {
                "url": "https://github.com/sponsors/sindresorhus"
            }
        },
        "node_modules/ts-essentials": {
            "version": "10.0.0",
            "resolved": "https://registry.npmjs.org/ts-essentials/-/ts-essentials-10.0.0.tgz",
            "integrity": "sha512-77FHNJEyysF9+1s4G6eejuA1lxw7uMchT3ZPy3CIbh7GIunffpshtM8pTe5G6N5dpOzNevqRHew859ceLWVBfw==",
            "peerDependencies": {
                "typescript": ">=4.5.0"
            },
            "peerDependenciesMeta": {
                "typescript": {
                    "optional": true
                }
            }
        },
        "node_modules/undici-types": {
            "version": "5.26.5",
            "resolved": "https://registry.npmjs.org/undici-types/-/undici-types-5.26.5.tgz",
            "integrity": "sha512-JlCMO+ehdEIKqlFxk6IfVoAUVmgz7cU7zD/h9XZ0qzeosSHmUJVOzSQvvYSYWXkFXC+IfLKSIffhv0sVZup6pA==",
            "dev": true
        }
    }
}
